
Microsoft Visual Studio Solution File, Format Version 12.00
# Visual Studio Version 17
VisualStudioVersion = 17.1.32328.378
MinimumVisualStudioVersion = 10.0.40219.1
Project("{FAE04EC0-301F-11D3-BF4B-00C04F79EFBC}") = "Grid Lock - Option 3", "Grid Lock - Option 3\Grid Lock - Option 3.csproj", "{CE7CC1FB-1618-4D07-BDB3-E279B2C01CFC}"
EndProject
Global
	GlobalSection(SolutionConfigurationPlatforms) = preSolution
		Debug|Any CPU = Debug|Any CPU
		Release|Any CPU = Release|Any CPU
	EndGlobalSection
	GlobalSection(ProjectConfigurationPlatforms) = postSolution
		{CE7CC1FB-1618-4D07-BDB3-E279B2C01CFC}.Debug|Any CPU.ActiveCfg = Debug|Any CPU
		{CE7CC1FB-1618-4D07-BDB3-E279B2C01CFC}.Debug|Any CPU.Build.0 = Debug|Any CPU
		{CE7CC1FB-1618-4D07-BDB3-E279B2C01CFC}.Release|Any CPU.ActiveCfg = Release|Any CPU
		{CE7CC1FB-1618-4D07-BDB3-E279B2C01CFC}.Release|Any CPU.Build.0 = Release|Any CPU
	EndGlobalSection
	GlobalSection(SolutionProperties) = preSolution
		HideSolutionNode = FALSE
	EndGlobalSection
	GlobalSection(ExtensibilityGlobals) = postSolution
		SolutionGuid = {200C6D6B-2B65-4466-89F9-AB62856C3456}
	EndGlobalSection
EndGlobal
